// !$*UTF8*$!
{
	archiveVersion = 1;
	classes = {
	};
	objectVersion = 56;
	objects = {

/* Begin PBXBuildFile section */
		C4237D752B08A81500B88CA3 /* ArcadeApp.swift in Sources */ = {isa = PBXBuildFile; fileRef = C4237D742B08A81500B88CA3 /* ArcadeApp.swift */; };
		C4237D792B08A81600B88CA3 /* Assets.xcassets in Resources */ = {isa = PBXBuildFile; fileRef = C4237D782B08A81600B88CA3 /* Assets.xcassets */; };
		C4237D7C2B08A81600B88CA3 /* Preview Assets.xcassets in Resources */ = {isa = PBXBuildFile; fileRef = C4237D7B2B08A81600B88CA3 /* Preview Assets.xcassets */; };
		C4237D852B08A8C700B88CA3 /* TetrisView.swift in Sources */ = {isa = PBXBuildFile; fileRef = C4237D832B08A8C700B88CA3 /* TetrisView.swift */; };
		C4237D862B08A8C700B88CA3 /* TetrisViewModel.swift in Sources */ = {isa = PBXBuildFile; fileRef = C4237D842B08A8C700B88CA3 /* TetrisViewModel.swift */; };
		C4237D8A2B08A8F200B88CA3 /* MineSweeperViewModel.swift in Sources */ = {isa = PBXBuildFile; fileRef = C4237D882B08A8F200B88CA3 /* MineSweeperViewModel.swift */; };
		C4237D8B2B08A8F200B88CA3 /* MineSweeperView.swift in Sources */ = {isa = PBXBuildFile; fileRef = C4237D892B08A8F200B88CA3 /* MineSweeperView.swift */; };
		C4237D8E2B08A90900B88CA3 /* arcade-license.pdf in Resources */ = {isa = PBXBuildFile; fileRef = C4237D8D2B08A90900B88CA3 /* arcade-license.pdf */; };
		C4237D922B08A98800B88CA3 /* Silkscreen-Regular.ttf in Resources */ = {isa = PBXBuildFile; fileRef = C4237D902B08A98800B88CA3 /* Silkscreen-Regular.ttf */; };
		C4237D932B08A98800B88CA3 /* Silkscreen-Bold.ttf in Resources */ = {isa = PBXBuildFile; fileRef = C4237D912B08A98800B88CA3 /* Silkscreen-Bold.ttf */; };
/* End PBXBuildFile section */

/* Begin PBXFileReference section */
		C4237D712B08A81500B88CA3 /* Arcade.app */ = {isa = PBXFileReference; explicitFileType = wrapper.application; includeInIndex = 0; path = Arcade.app; sourceTree = BUILT_PRODUCTS_DIR; };
		C4237D742B08A81500B88CA3 /* ArcadeApp.swift */ = {isa = PBXFileReference; lastKnownFileType = sourcecode.swift; path = ArcadeApp.swift; sourceTree = "<group>"; };
		C4237D782B08A81600B88CA3 /* Assets.xcassets */ = {isa = PBXFileReference; lastKnownFileType = folder.assetcatalog; path = Assets.xcassets; sourceTree = "<group>"; };
		C4237D7B2B08A81600B88CA3 /* Preview Assets.xcassets */ = {isa = PBXFileReference; lastKnownFileType = folder.assetcatalog; path = "Preview Assets.xcassets"; sourceTree = "<group>"; };
		C4237D832B08A8C700B88CA3 /* TetrisView.swift */ = {isa = PBXFileReference; fileEncoding = 4; lastKnownFileType = sourcecode.swift; path = TetrisView.swift; sourceTree = "<group>"; };
		C4237D842B08A8C700B88CA3 /* TetrisViewModel.swift */ = {isa = PBXFileReference; fileEncoding = 4; lastKnownFileType = sourcecode.swift; path = TetrisViewModel.swift; sourceTree = "<group>"; };
		C4237D882B08A8F200B88CA3 /* MineSweeperViewModel.swift */ = {isa = PBXFileReference; fileEncoding = 4; lastKnownFileType = sourcecode.swift; path = MineSweeperViewModel.swift; sourceTree = "<group>"; };
		C4237D892B08A8F200B88CA3 /* MineSweeperView.swift */ = {isa = PBXFileReference; fileEncoding = 4; lastKnownFileType = sourcecode.swift; path = MineSweeperView.swift; sourceTree = "<group>"; };
		C4237D8D2B08A90900B88CA3 /* arcade-license.pdf */ = {isa = PBXFileReference; lastKnownFileType = image.pdf; path = "arcade-license.pdf"; sourceTree = "<group>"; };
		C4237D902B08A98800B88CA3 /* Silkscreen-Regular.ttf */ = {isa = PBXFileReference; lastKnownFileType = file; path = "Silkscreen-Regular.ttf"; sourceTree = "<group>"; };
		C4237D912B08A98800B88CA3 /* Silkscreen-Bold.ttf */ = {isa = PBXFileReference; lastKnownFileType = file; path = "Silkscreen-Bold.ttf"; sourceTree = "<group>"; };
		C4237D942B08A9E100B88CA3 /* Info.plist */ = {isa = PBXFileReference; lastKnownFileType = text.plist; path = Info.plist; sourceTree = "<group>"; };
/* End PBXFileReference section */

/* Begin PBXFrameworksBuildPhase section */
		C4237D6E2B08A81500B88CA3 /* Frameworks */ = {
			isa = PBXFrameworksBuildPhase;
			buildActionMask = 2147483647;
			files = (
			);
			runOnlyForDeploymentPostprocessing = 0;
		};
/* End PBXFrameworksBuildPhase section */

/* Begin PBXGroup section */
		C4237D682B08A81500B88CA3 = {
			isa = PBXGroup;
			children = (
				C4237D732B08A81500B88CA3 /* Arcade */,
				C4237D722B08A81500B88CA3 /* Products */,
			);
			sourceTree = "<group>";
		};
		C4237D722B08A81500B88CA3 /* Products */ = {
			isa = PBXGroup;
			children = (
				C4237D712B08A81500B88CA3 /* Arcade.app */,
			);
			name = Products;
			sourceTree = "<group>";
		};
		C4237D732B08A81500B88CA3 /* Arcade */ = {
			isa = PBXGroup;
			children = (
				C4237D942B08A9E100B88CA3 /* Info.plist */,
				C4237D8F2B08A97300B88CA3 /* AppFont */,
				C4237D8C2B08A90900B88CA3 /* Licenses */,
				C4237D872B08A8F200B88CA3 /* MineSweeper */,
				C4237D822B08A8C700B88CA3 /* Tetris */,
				C4237D742B08A81500B88CA3 /* ArcadeApp.swift */,
				C4237D782B08A81600B88CA3 /* Assets.xcassets */,
				C4237D7A2B08A81600B88CA3 /* Preview Content */,
			);
			path = Arcade;
			sourceTree = "<group>";
		};
		C4237D7A2B08A81600B88CA3 /* Preview Content */ = {
			isa = PBXGroup;
			children = (
				C4237D7B2B08A81600B88CA3 /* Preview Assets.xcassets */,
			);
			path = "Preview Content";
			sourceTree = "<group>";
		};
		C4237D822B08A8C700B88CA3 /* Tetris */ = {
			isa = PBXGroup;
			children = (
				C4237D832B08A8C700B88CA3 /* TetrisView.swift */,
				C4237D842B08A8C700B88CA3 /* TetrisViewModel.swift */,
			);
			path = Tetris;
			sourceTree = "<group>";
		};
		C4237D872B08A8F200B88CA3 /* MineSweeper */ = {
			isa = PBXGroup;
			children = (
				C4237D882B08A8F200B88CA3 /* MineSweeperViewModel.swift */,
				C4237D892B08A8F200B88CA3 /* MineSweeperView.swift */,
			);
			path = MineSweeper;
			sourceTree = "<group>";
		};
		C4237D8C2B08A90900B88CA3 /* Licenses */ = {
			isa = PBXGroup;
			children = (
				C4237D8D2B08A90900B88CA3 /* arcade-license.pdf */,
			);
			path = Licenses;
			sourceTree = "<group>";
		};
		C4237D8F2B08A97300B88CA3 /* AppFont */ = {
			isa = PBXGroup;
			children = (
				C4237D912B08A98800B88CA3 /* Silkscreen-Bold.ttf */,
				C4237D902B08A98800B88CA3 /* Silkscreen-Regular.ttf */,
			);
			path = AppFont;
			sourceTree = "<group>";
		};
/* End PBXGroup section */

/* Begin PBXNativeTarget section */
		C4237D702B08A81500B88CA3 /* Arcade */ = {
			isa = PBXNativeTarget;
			buildConfigurationList = C4237D7F2B08A81600B88CA3 /* Build configuration list for PBXNativeTarget "Arcade" */;
			buildPhases = (
				C4237D6D2B08A81500B88CA3 /* Sources */,
				C4237D6E2B08A81500B88CA3 /* Frameworks */,
				C4237D6F2B08A81500B88CA3 /* Resources */,
			);
			buildRules = (
			);
			dependencies = (
			);
			name = Arcade;
			productName = Arcade;
			productReference = C4237D712B08A81500B88CA3 /* Arcade.app */;
			productType = "com.apple.product-type.application";
		};
/* End PBXNativeTarget section */

/* Begin PBXProject section */
		C4237D692B08A81500B88CA3 /* Project object */ = {
			isa = PBXProject;
			attributes = {
				BuildIndependentTargetsInParallel = 1;
				LastSwiftUpdateCheck = 1500;
				LastUpgradeCheck = 1500;
				TargetAttributes = {
					C4237D702B08A81500B88CA3 = {
						CreatedOnToolsVersion = 15.0.1;
					};
				};
			};
			buildConfigurationList = C4237D6C2B08A81500B88CA3 /* Build configuration list for PBXProject "Arcade" */;
			compatibilityVersion = "Xcode 14.0";
			developmentRegion = en;
			hasScannedForEncodings = 0;
			knownRegions = (
				en,
				Base,
			);
			mainGroup = C4237D682B08A81500B88CA3;
			productRefGroup = C4237D722B08A81500B88CA3 /* Products */;
			projectDirPath = "";
			projectRoot = "";
			targets = (
				C4237D702B08A81500B88CA3 /* Arcade */,
			);
		};
/* End PBXProject section */

/* Begin PBXResourcesBuildPhase section */
		C4237D6F2B08A81500B88CA3 /* Resources */ = {
			isa = PBXResourcesBuildPhase;
			buildActionMask = 2147483647;
			files = (
				C4237D932B08A98800B88CA3 /* Silkscreen-Bold.ttf in Resources */,
				C4237D922B08A98800B88CA3 /* Silkscreen-Regular.ttf in Resources */,
				C4237D7C2B08A81600B88CA3 /* Preview Assets.xcassets in Resources */,
				C4237D792B08A81600B88CA3 /* Assets.xcassets in Resources */,
				C4237D8E2B08A90900B88CA3 /* arcade-license.pdf in Resources */,
			);
			runOnlyForDeploymentPostprocessing = 0;
		};
/* End PBXResourcesBuildPhase section */

/* Begin PBXSourcesBuildPhase section */
		C4237D6D2B08A81500B88CA3 /* Sources */ = {
			isa = PBXSourcesBuildPhase;
			buildActionMask = 2147483647;
			files = (
				C4237D852B08A8C700B88CA3 /* TetrisView.swift in Sources */,
				C4237D8B2B08A8F200B88CA3 /* MineSweeperView.swift in Sources */,
				C4237D8A2B08A8F200B88CA3 /* MineSweeperViewModel.swift in Sources */,
				C4237D752B08A81500B88CA3 /* ArcadeApp.swift in Sources */,
				C4237D862B08A8C700B88CA3 /* TetrisViewModel.swift in Sources */,
			);
			runOnlyForDeploymentPostprocessing = 0;
		};
/* End PBXSourcesBuildPhase section */

/* Begin XCBuildConfiguration section */
		C4237D7D2B08A81600B88CA3 /* Debug */ = {
			isa = XCBuildConfiguration;
			buildSettings = {
				ALWAYS_SEARCH_USER_PATHS = NO;
				ASSETCATALOG_COMPILER_GENERATE_SWIFT_ASSET_SYMBOL_EXTENSIONS = YES;
				CLANG_ANALYZER_NONNULL = YES;
				CLANG_ANALYZER_NUMBER_OBJECT_CONVERSION = YES_AGGRESSIVE;
				CLANG_CXX_LANGUAGE_STANDARD = "gnu++20";
				CLANG_ENABLE_MODULES = YES;
				CLANG_ENABLE_OBJC_ARC = YES;
				CLANG_ENABLE_OBJC_WEAK = YES;
				CLANG_WARN_BLOCK_CAPTURE_AUTORELEASING = YES;
				CLANG_WARN_BOOL_CONVERSION = YES;
				CLANG_WARN_COMMA = YES;
				CLANG_WARN_CONSTANT_CONVERSION = YES;
				CLANG_WARN_DEPRECATED_OBJC_IMPLEMENTATIONS = YES;
				CLANG_WARN_DIRECT_OBJC_ISA_USAGE = YES_ERROR;
				CLANG_WARN_DOCUMENTATION_COMMENTS = YES;
				CLANG_WARN_EMPTY_BODY = YES;
				CLANG_WARN_ENUM_CONVERSION = YES;
				CLANG_WARN_INFINITE_RECURSION = YES;
				CLANG_WARN_INT_CONVERSION = YES;
				CLANG_WARN_NON_LITERAL_NULL_CONVERSION = YES;
				CLANG_WARN_OBJC_IMPLICIT_RETAIN_SELF = YES;
				CLANG_WARN_OBJC_LITERAL_CONVERSION = YES;
				CLANG_WARN_OBJC_ROOT_CLASS = YES_ERROR;
				CLANG_WARN_QUOTED_INCLUDE_IN_FRAMEWORK_HEADER = YES;
				CLANG_WARN_RANGE_LOOP_ANALYSIS = YES;
				CLANG_WARN_STRICT_PROTOTYPES = YES;
				CLANG_WARN_SUSPICIOUS_MOVE = YES;
				CLANG_WARN_UNGUARDED_AVAILABILITY = YES_AGGRESSIVE;
				CLANG_WARN_UNREACHABLE_CODE = YES;
				CLANG_WARN__DUPLICATE_METHOD_MATCH = YES;
				COPY_PHASE_STRIP = NO;
				DEBUG_INFORMATION_FORMAT = dwarf;
				ENABLE_STRICT_OBJC_MSGSEND = YES;
				ENABLE_TESTABILITY = YES;
				ENABLE_USER_SCRIPT_SANDBOXING = YES;
				GCC_C_LANGUAGE_STANDARD = gnu17;
				GCC_DYNAMIC_NO_PIC = NO;
				GCC_NO_COMMON_BLOCKS = YES;
				GCC_OPTIMIZATION_LEVEL = 0;
				GCC_PREPROCESSOR_DEFINITIONS = (
					"DEBUG=1",
					"$(inherited)",
				);
				GCC_WARN_64_TO_32_BIT_CONVERSION = YES;
				GCC_WARN_ABOUT_RETURN_TYPE = YES_ERROR;
				GCC_WARN_UNDECLARED_SELECTOR = YES;
				GCC_WARN_UNINITIALIZED_AUTOS = YES_AGGRESSIVE;
				GCC_WARN_UNUSED_FUNCTION = YES;
				GCC_WARN_UNUSED_VARIABLE = YES;
				IPHONEOS_DEPLOYMENT_TARGET = 17.0;
				LOCALIZATION_PREFERS_STRING_CATALOGS = YES;
				MTL_ENABLE_DEBUG_INFO = INCLUDE_SOURCE;
				MTL_FAST_MATH = YES;
				ONLY_ACTIVE_ARCH = YES;
				SDKROOT = iphoneos;
				SWIFT_ACTIVE_COMPILATION_CONDITIONS = "DEBUG $(inherited)";
				SWIFT_OPTIMIZATION_LEVEL = "-Onone";
			};
			name = Debug;
		};
		C4237D7E2B08A81600B88CA3 /* Release */ = {
			isa = XCBuildConfiguration;
			buildSettings = {
				ALWAYS_SEARCH_USER_PATHS = NO;
				ASSETCATALOG_COMPILER_GENERATE_SWIFT_ASSET_SYMBOL_EXTENSIONS = YES;
				CLANG_ANALYZER_NONNULL = YES;
				CLANG_ANALYZER_NUMBER_OBJECT_CONVERSION = YES_AGGRESSIVE;
				CLANG_CXX_LANGUAGE_STANDARD = "gnu++20";
				CLANG_ENABLE_MODULES = YES;
				CLANG_ENABLE_OBJC_ARC = YES;
				CLANG_ENABLE_OBJC_WEAK = YES;
				CLANG_WARN_BLOCK_CAPTURE_AUTORELEASING = YES;
				CLANG_WARN_BOOL_CONVERSION = YES;
				CLANG_WARN_COMMA = YES;
				CLANG_WARN_CONSTANT_CONVERSION = YES;
				CLANG_WARN_DEPRECATED_OBJC_IMPLEMENTATIONS = YES;
				CLANG_WARN_DIRECT_OBJC_ISA_USAGE = YES_ERROR;
				CLANG_WARN_DOCUMENTATION_COMMENTS = YES;
				CLANG_WARN_EMPTY_BODY = YES;
				CLANG_WARN_ENUM_CONVERSION = YES;
				CLANG_WARN_INFINITE_RECURSION = YES;
				CLANG_WARN_INT_CONVERSION = YES;
				CLANG_WARN_NON_LITERAL_NULL_CONVERSION = YES;
				CLANG_WARN_OBJC_IMPLICIT_RETAIN_SELF = YES;
				CLANG_WARN_OBJC_LITERAL_CONVERSION = YES;
				CLANG_WARN_OBJC_ROOT_CLASS = YES_ERROR;
				CLANG_WARN_QUOTED_INCLUDE_IN_FRAMEWORK_HEADER = YES;
				CLANG_WARN_RANGE_LOOP_ANALYSIS = YES;
				CLANG_WARN_STRICT_PROTOTYPES = YES;
				CLANG_WARN_SUSPICIOUS_MOVE = YES;
				CLANG_WARN_UNGUARDED_AVAILABILITY = YES_AGGRESSIVE;
				CLANG_WARN_UNREACHABLE_CODE = YES;
				CLANG_WARN__DUPLICATE_METHOD_MATCH = YES;
				COPY_PHASE_STRIP = NO;
				DEBUG_INFORMATION_FORMAT = "dwarf-with-dsym";
				ENABLE_NS_ASSERTIONS = NO;
				ENABLE_STRICT_OBJC_MSGSEND = YES;
				ENABLE_USER_SCRIPT_SANDBOXING = YES;
				GCC_C_LANGUAGE_STANDARD = gnu17;
				GCC_NO_COMMON_BLOCKS = YES;
				GCC_WARN_64_TO_32_BIT_CONVERSION = YES;
				GCC_WARN_ABOUT_RETURN_TYPE = YES_ERROR;
				GCC_WARN_UNDECLARED_SELECTOR = YES;
				GCC_WARN_UNINITIALIZED_AUTOS = YES_AGGRESSIVE;
				GCC_WARN_UNUSED_FUNCTION = YES;
				GCC_WARN_UNUSED_VARIABLE = YES;
				IPHONEOS_DEPLOYMENT_TARGET = 17.0;
				LOCALIZATION_PREFERS_STRING_CATALOGS = YES;
				MTL_ENABLE_DEBUG_INFO = NO;
				MTL_FAST_MATH = YES;
				SDKROOT = iphoneos;
				SWIFT_COMPILATION_MODE = wholemodule;
				VALIDATE_PRODUCT = YES;
			};
			name = Release;
		};
		C4237D802B08A81600B88CA3 /* Debug */ = {
			isa = XCBuildConfiguration;
			buildSettings = {
				ASSETCATALOG_COMPILER_APPICON_NAME = AppIcon;
				ASSETCATALOG_COMPILER_GLOBAL_ACCENT_COLOR_NAME = AccentColor;
				CODE_SIGN_STYLE = Automatic;
				CURRENT_PROJECT_VERSION = 1;
				DEVELOPMENT_ASSET_PATHS = "\"Arcade/Preview Content\"";
				DEVELOPMENT_TEAM = 63Z846Y4D5;
				ENABLE_PREVIEWS = YES;
				GENERATE_INFOPLIST_FILE = YES;
				INFOPLIST_FILE = Arcade/Info.plist;
				INFOPLIST_KEY_UIApplicationSceneManifest_Generation = YES;
				INFOPLIST_KEY_UIApplicationSupportsIndirectInputEvents = YES;
				INFOPLIST_KEY_UILaunchScreen_Generation = YES;
				INFOPLIST_KEY_UISupportedInterfaceOrientations_iPad = "UIInterfaceOrientationPortrait UIInterfaceOrientationPortraitUpsideDown UIInterfaceOrientationLandscapeLeft UIInterfaceOrientationLandscapeRight";
				INFOPLIST_KEY_UISupportedInterfaceOrientations_iPhone = "UIInterfaceOrientationPortrait UIInterfaceOrientationLandscapeLeft UIInterfaceOrientationLandscapeRight";
				LD_RUNPATH_SEARCH_PATHS = (
					"$(inherited)",
					"@executable_path/Frameworks",
				);
				MARKETING_VERSION = 1.0;
				PRODUCT_BUNDLE_IDENTIFIER = com.HarvestCoding.Arcade;
				PRODUCT_NAME = "$(TARGET_NAME)";
				SWIFT_EMIT_LOC_STRINGS = YES;
				SWIFT_VERSION = 5.0;
				TARGETED_DEVICE_FAMILY = "1,2";
			};
			name = Debug;
		};
		C4237D812B08A81600B88CA3 /* Release */ = {
			isa = XCBuildConfiguration;
			buildSettings = {
				ASSETCATALOG_COMPILER_APPICON_NAME = AppIcon;
				ASSETCATALOG_COMPILER_GLOBAL_ACCENT_COLOR_NAME = AccentColor;
				CODE_SIGN_STYLE = Automatic;
				CURRENT_PROJECT_VERSION = 1;
				DEVELOPMENT_ASSET_PATHS = "\"Arcade/Preview Content\"";
				DEVELOPMENT_TEAM = 63Z846Y4D5;
				ENABLE_PREVIEWS = YES;
				GENERATE_INFOPLIST_FILE = YES;
				INFOPLIST_FILE = Arcade/Info.plist;
				INFOPLIST_KEY_UIApplicationSceneManifest_Generation = YES;
				INFOPLIST_KEY_UIApplicationSupportsIndirectInputEvents = YES;
				INFOPLIST_KEY_UILaunchScreen_Generation = YES;
				INFOPLIST_KEY_UISupportedInterfaceOrientations_iPad = "UIInterfaceOrientationPortrait UIInterfaceOrientationPortraitUpsideDown UIInterfaceOrientationLandscapeLeft UIInterfaceOrientationLandscapeRight";
				INFOPLIST_KEY_UISupportedInterfaceOrientations_iPhone = "UIInterfaceOrientationPortrait UIInterfaceOrientationLandscapeLeft UIInterfaceOrientationLandscapeRight";
				LD_RUNPATH_SEARCH_PATHS = (
					"$(inherited)",
					"@executable_path/Frameworks",
				);
				MARKETING_VERSION = 1.0;
				PRODUCT_BUNDLE_IDENTIFIER = com.HarvestCoding.Arcade;
				PRODUCT_NAME = "$(TARGET_NAME)";
				SWIFT_EMIT_LOC_STRINGS = YES;
				SWIFT_VERSION = 5.0;
				TARGETED_DEVICE_FAMILY = "1,2";
			};
			name = Release;
		};
/* End XCBuildConfiguration section */

/* Begin XCConfigurationList section */
		C4237D6C2B08A81500B88CA3 /* Build configuration list for PBXProject "Arcade" */ = {
			isa = XCConfigurationList;
			buildConfigurations = (
				C4237D7D2B08A81600B88CA3 /* Debug */,
				C4237D7E2B08A81600B88CA3 /* Release */,
			);
			defaultConfigurationIsVisible = 0;
			defaultConfigurationName = Release;
		};
		C4237D7F2B08A81600B88CA3 /* Build configuration list for PBXNativeTarget "Arcade" */ = {
			isa = XCConfigurationList;
			buildConfigurations = (
				C4237D802B08A81600B88CA3 /* Debug */,
				C4237D812B08A81600B88CA3 /* Release */,
			);
			defaultConfigurationIsVisible = 0;
			defaultConfigurationName = Release;
		};
/* End XCConfigurationList section */
	};
	rootObject = C4237D692B08A81500B88CA3 /* Project object */;
}
